
Microsoft Visual Studio Solution File, Format Version 12.00
# Visual Studio Version 16
VisualStudioVersion = 16.0.30128.74
MinimumVisualStudioVersion = 10.0.40219.1
Project("{FAE04EC0-301F-11D3-BF4B-00C04F79EFBC}") = "UmbraCare.StarRating.Site", ".website\UmbraCare.StarRating.Site.csproj", "{290eff7a-7cc4-4536-90ea-fdbe10219c15}"
EndProject
Project("{9A19103F-16F7-4668-BE54-9A1E7A4F7556}") = "UmbraCare.StarRating", "src\UmbraCare.StarRating\UmbraCare.StarRating.csproj", "{8ed3e9d4-5fa3-4f67-86a1-bf5bb8d5bd96}"
EndProject
Global
	GlobalSection(SolutionConfigurationPlatforms) = preSolution
		Debug|Any CPU = Debug|Any CPU
		Release|Any CPU = Release|Any CPU
	EndGlobalSection
	GlobalSection(ProjectConfigurationPlatforms) = postSolution
		{290eff7a-7cc4-4536-90ea-fdbe10219c15}.Debug|Any CPU.ActiveCfg = Debug|Any CPU
		{290eff7a-7cc4-4536-90ea-fdbe10219c15}.Debug|Any CPU.Build.0 = Debug|Any CPU
		{290eff7a-7cc4-4536-90ea-fdbe10219c15}.Release|Any CPU.ActiveCfg = Release|Any CPU
		{290eff7a-7cc4-4536-90ea-fdbe10219c15}.Release|Any CPU.Build.0 = Release|Any CPU
		{8ed3e9d4-5fa3-4f67-86a1-bf5bb8d5bd96}.Debug|Any CPU.ActiveCfg = Debug|Any CPU
		{8ed3e9d4-5fa3-4f67-86a1-bf5bb8d5bd96}.Debug|Any CPU.Build.0 = Debug|Any CPU
		{8ed3e9d4-5fa3-4f67-86a1-bf5bb8d5bd96}.Release|Any CPU.ActiveCfg = Release|Any CPU
		{8ed3e9d4-5fa3-4f67-86a1-bf5bb8d5bd96}.Release|Any CPU.Build.0 = Release|Any CPU
	EndGlobalSection
	GlobalSection(SolutionProperties) = preSolution
		HideSolutionNode = FALSE
	EndGlobalSection
	GlobalSection(ExtensibilityGlobals) = postSolution
		SolutionGuid = {0A4335E4-0198-4777-9409-64E22F1F8F2C}
	EndGlobalSection
EndGlobal
